
Microsoft Visual Studio Solution File, Format Version 9.00
# Visual Studio 2005
Project("{8BC9CEB8-8B4A-11D0-8D11-00A0C91BC942}") = "MainApp", "..\MainApp\MainApp.vcproj", "{2A99B2A2-6EC8-445E-B6CD-9BD418B7A236}"
EndProject
Project("{8BC9CEB8-8B4A-11D0-8D11-00A0C91BC942}") = "AppLoader", "..\AppLoader\AppLoader.vcproj", "{B0355D58-D527-4161-BFBE-7720A46AA6A0}"
EndProject
Project("{8BC9CEB8-8B4A-11D0-8D11-00A0C91BC942}") = "HelloWorld", "..\HelloWorld\HelloWorld.vcproj", "{B171D609-D10F-4D45-9A02-6DA49A24B126}"
EndProject
Project("{8BC9CEB8-8B4A-11D0-8D11-00A0C91BC942}") = "application", "..\application\application.vcproj", "{BAADF272-55C2-48A8-A05F-A8F7A8C8DD0E}"
EndProject
Project("{8BC9CEB8-8B4A-11D0-8D11-00A0C91BC942}") = "AppManager", "..\AppManager\AppManager.vcproj", "{6CE2A34E-0D15-4FDF-B7D2-C950B1F112CB}"
EndProject
Project("{8BC9CEB8-8B4A-11D0-8D11-00A0C91BC942}") = "KeyMove", "KeyMove.vcproj", "{B68F0732-8529-46CE-A9D5-45E042A1A8FA}"
EndProject
Global
	GlobalSection(SolutionConfigurationPlatforms) = preSolution
		Debug|Win32 = Debug|Win32
		Release|Win32 = Release|Win32
	EndGlobalSection
	GlobalSection(ProjectConfigurationPlatforms) = postSolution
		{2A99B2A2-6EC8-445E-B6CD-9BD418B7A236}.Debug|Win32.ActiveCfg = Debug|Win32
		{2A99B2A2-6EC8-445E-B6CD-9BD418B7A236}.Debug|Win32.Build.0 = Debug|Win32
		{2A99B2A2-6EC8-445E-B6CD-9BD418B7A236}.Release|Win32.ActiveCfg = Release|Win32
		{2A99B2A2-6EC8-445E-B6CD-9BD418B7A236}.Release|Win32.Build.0 = Release|Win32
		{B0355D58-D527-4161-BFBE-7720A46AA6A0}.Debug|Win32.ActiveCfg = Debug|Win32
		{B0355D58-D527-4161-BFBE-7720A46AA6A0}.Debug|Win32.Build.0 = Debug|Win32
		{B0355D58-D527-4161-BFBE-7720A46AA6A0}.Release|Win32.ActiveCfg = Release|Win32
		{B0355D58-D527-4161-BFBE-7720A46AA6A0}.Release|Win32.Build.0 = Release|Win32
		{B171D609-D10F-4D45-9A02-6DA49A24B126}.Debug|Win32.ActiveCfg = Debug|Win32
		{B171D609-D10F-4D45-9A02-6DA49A24B126}.Debug|Win32.Build.0 = Debug|Win32
		{B171D609-D10F-4D45-9A02-6DA49A24B126}.Release|Win32.ActiveCfg = Release|Win32
		{B171D609-D10F-4D45-9A02-6DA49A24B126}.Release|Win32.Build.0 = Release|Win32
		{BAADF272-55C2-48A8-A05F-A8F7A8C8DD0E}.Debug|Win32.ActiveCfg = Debug|Win32
		{BAADF272-55C2-48A8-A05F-A8F7A8C8DD0E}.Debug|Win32.Build.0 = Debug|Win32
		{BAADF272-55C2-48A8-A05F-A8F7A8C8DD0E}.Release|Win32.ActiveCfg = Release|Win32
		{BAADF272-55C2-48A8-A05F-A8F7A8C8DD0E}.Release|Win32.Build.0 = Release|Win32
		{6CE2A34E-0D15-4FDF-B7D2-C950B1F112CB}.Debug|Win32.ActiveCfg = Debug|Win32
		{6CE2A34E-0D15-4FDF-B7D2-C950B1F112CB}.Debug|Win32.Build.0 = Debug|Win32
		{6CE2A34E-0D15-4FDF-B7D2-C950B1F112CB}.Release|Win32.ActiveCfg = Release|Win32
		{6CE2A34E-0D15-4FDF-B7D2-C950B1F112CB}.Release|Win32.Build.0 = Release|Win32
		{B68F0732-8529-46CE-A9D5-45E042A1A8FA}.Debug|Win32.ActiveCfg = Debug|Win32
		{B68F0732-8529-46CE-A9D5-45E042A1A8FA}.Debug|Win32.Build.0 = Debug|Win32
		{B68F0732-8529-46CE-A9D5-45E042A1A8FA}.Release|Win32.ActiveCfg = Release|Win32
		{B68F0732-8529-46CE-A9D5-45E042A1A8FA}.Release|Win32.Build.0 = Release|Win32
	EndGlobalSection
	GlobalSection(SolutionProperties) = preSolution
		HideSolutionNode = FALSE
	EndGlobalSection
EndGlobal
